// !$*UTF8*$!
{
	archiveVersion = 1;
	classes = {
	};
	objectVersion = 46;
	objects = {

/* Begin PBXBuildFile section */
		9FFF46C21BC922ED001451EE /* AppDelegate.swift in Sources */ = {isa = PBXBuildFile; fileRef = 9FFF46C11BC922ED001451EE /* AppDelegate.swift */; };
		9FFF46C41BC922ED001451EE /* ViewController.swift in Sources */ = {isa = PBXBuildFile; fileRef = 9FFF46C31BC922ED001451EE /* ViewController.swift */; };
		9FFF46C71BC922ED001451EE /* Main.storyboard in Resources */ = {isa = PBXBuildFile; fileRef = 9FFF46C51BC922ED001451EE /* Main.storyboard */; };
		9FFF46C91BC922ED001451EE /* Assets.xcassets in Resources */ = {isa = PBXBuildFile; fileRef = 9FFF46C81BC922ED001451EE /* Assets.xcassets */; };
		9FFF46CC1BC922ED001451EE /* LaunchScreen.storyboard in Resources */ = {isa = PBXBuildFile; fileRef = 9FFF46CA1BC922ED001451EE /* LaunchScreen.storyboard */; };
/* End PBXBuildFile section */

/* Begin PBXFileReference section */
		9FFF46BE1BC922ED001451EE /* HackingSFViewController.app */ = {isa = PBXFileReference; explicitFileType = wrapper.application; includeInIndex = 0; path = HackingSFViewController.app; sourceTree = BUILT_PRODUCTS_DIR; };
		9FFF46C11BC922ED001451EE /* AppDelegate.swift */ = {isa = PBXFileReference; lastKnownFileType = sourcecode.swift; path = AppDelegate.swift; sourceTree = "<group>"; };
		9FFF46C31BC922ED001451EE /* ViewController.swift */ = {isa = PBXFileReference; lastKnownFileType = sourcecode.swift; path = ViewController.swift; sourceTree = "<group>"; };
		9FFF46C61BC922ED001451EE /* Base */ = {isa = PBXFileReference; lastKnownFileType = file.storyboard; name = Base; path = Base.lproj/Main.storyboard; sourceTree = "<group>"; };
		9FFF46C81BC922ED001451EE /* Assets.xcassets */ = {isa = PBXFileReference; lastKnownFileType = folder.assetcatalog; path = Assets.xcassets; sourceTree = "<group>"; };
		9FFF46CB1BC922ED001451EE /* Base */ = {isa = PBXFileReference; lastKnownFileType = file.storyboard; name = Base; path = Base.lproj/LaunchScreen.storyboard; sourceTree = "<group>"; };
		9FFF46CD1BC922ED001451EE /* Info.plist */ = {isa = PBXFileReference; lastKnownFileType = text.plist.xml; path = Info.plist; sourceTree = "<group>"; };
/* End PBXFileReference section */

/* Begin PBXFrameworksBuildPhase section */
		9FFF46BB1BC922ED001451EE /* Frameworks */ = {
			isa = PBXFrameworksBuildPhase;
			buildActionMask = 2147483647;
			files = (
			);
			runOnlyForDeploymentPostprocessing = 0;
		};
/* End PBXFrameworksBuildPhase section */

/* Begin PBXGroup section */
		9FFF46B51BC922ED001451EE = {
			isa = PBXGroup;
			children = (
				9FFF46C01BC922ED001451EE /* HackingSFViewController */,
				9FFF46BF1BC922ED001451EE /* Products */,
			);
			sourceTree = "<group>";
		};
		9FFF46BF1BC922ED001451EE /* Products */ = {
			isa = PBXGroup;
			children = (
				9FFF46BE1BC922ED001451EE /* HackingSFViewController.app */,
			);
			name = Products;
			sourceTree = "<group>";
		};
		9FFF46C01BC922ED001451EE /* HackingSFViewController */ = {
			isa = PBXGroup;
			children = (
				9FFF46C11BC922ED001451EE /* AppDelegate.swift */,
				9FFF46C31BC922ED001451EE /* ViewController.swift */,
				9FFF46C51BC922ED001451EE /* Main.storyboard */,
				9FFF46C81BC922ED001451EE /* Assets.xcassets */,
				9FFF46CA1BC922ED001451EE /* LaunchScreen.storyboard */,
				9FFF46CD1BC922ED001451EE /* Info.plist */,
			);
			path = HackingSFViewController;
			sourceTree = "<group>";
		};
/* End PBXGroup section */

/* Begin PBXNativeTarget section */
		9FFF46BD1BC922ED001451EE /* HackingSFViewController */ = {
			isa = PBXNativeTarget;
			buildConfigurationList = 9FFF46D01BC922ED001451EE /* Build configuration list for PBXNativeTarget "HackingSFViewController" */;
			buildPhases = (
				9FFF46BA1BC922ED001451EE /* Sources */,
				9FFF46BB1BC922ED001451EE /* Frameworks */,
				9FFF46BC1BC922ED001451EE /* Resources */,
			);
			buildRules = (
			);
			dependencies = (
			);
			name = HackingSFViewController;
			productName = HackingSFViewController;
			productReference = 9FFF46BE1BC922ED001451EE /* HackingSFViewController.app */;
			productType = "com.apple.product-type.application";
		};
/* End PBXNativeTarget section */

/* Begin PBXProject section */
		9FFF46B61BC922ED001451EE /* Project object */ = {
			isa = PBXProject;
			attributes = {
				LastUpgradeCheck = 0700;
				ORGANIZATIONNAME = stringCode;
				TargetAttributes = {
					9FFF46BD1BC922ED001451EE = {
						CreatedOnToolsVersion = 7.0.1;
					};
				};
			};
			buildConfigurationList = 9FFF46B91BC922ED001451EE /* Build configuration list for PBXProject "HackingSFViewController" */;
			compatibilityVersion = "Xcode 3.2";
			developmentRegion = English;
			hasScannedForEncodings = 0;
			knownRegions = (
				en,
				Base,
			);
			mainGroup = 9FFF46B51BC922ED001451EE;
			productRefGroup = 9FFF46BF1BC922ED001451EE /* Products */;
			projectDirPath = "";
			projectRoot = "";
			targets = (
				9FFF46BD1BC922ED001451EE /* HackingSFViewController */,
			);
		};
/* End PBXProject section */

/* Begin PBXResourcesBuildPhase section */
		9FFF46BC1BC922ED001451EE /* Resources */ = {
			isa = PBXResourcesBuildPhase;
			buildActionMask = 2147483647;
			files = (
				9FFF46CC1BC922ED001451EE /* LaunchScreen.storyboard in Resources */,
				9FFF46C91BC922ED001451EE /* Assets.xcassets in Resources */,
				9FFF46C71BC922ED001451EE /* Main.storyboard in Resources */,
			);
			runOnlyForDeploymentPostprocessing = 0;
		};
/* End PBXResourcesBuildPhase section */

/* Begin PBXSourcesBuildPhase section */
		9FFF46BA1BC922ED001451EE /* Sources */ = {
			isa = PBXSourcesBuildPhase;
			buildActionMask = 2147483647;
			files = (
				9FFF46C41BC922ED001451EE /* ViewController.swift in Sources */,
				9FFF46C21BC922ED001451EE /* AppDelegate.swift in Sources */,
			);
			runOnlyForDeploymentPostprocessing = 0;
		};
/* End PBXSourcesBuildPhase section */

/* Begin PBXVariantGroup section */
		9FFF46C51BC922ED001451EE /* Main.storyboard */ = {
			isa = PBXVariantGroup;
			children = (
				9FFF46C61BC922ED001451EE /* Base */,
			);
			name = Main.storyboard;
			sourceTree = "<group>";
		};
		9FFF46CA1BC922ED001451EE /* LaunchScreen.storyboard */ = {
			isa = PBXVariantGroup;
			children = (
				9FFF46CB1BC922ED001451EE /* Base */,
			);
			name = LaunchScreen.storyboard;
			sourceTree = "<group>";
		};
/* End PBXVariantGroup section */

/* Begin XCBuildConfiguration section */
		9FFF46CE1BC922ED001451EE /* Debug */ = {
			isa = XCBuildConfiguration;
			buildSettings = {
				ALWAYS_SEARCH_USER_PATHS = NO;
				CLANG_CXX_LANGUAGE_STANDARD = "gnu++0x";
				CLANG_CXX_LIBRARY = "libc++";
				CLANG_ENABLE_MODULES = YES;
				CLANG_ENABLE_OBJC_ARC = YES;
				CLANG_WARN_BOOL_CONVERSION = YES;
				CLANG_WARN_CONSTANT_CONVERSION = YES;
				CLANG_WARN_DIRECT_OBJC_ISA_USAGE = YES_ERROR;
				CLANG_WARN_EMPTY_BODY = YES;
				CLANG_WARN_ENUM_CONVERSION = YES;
				CLANG_WARN_INT_CONVERSION = YES;
				CLANG_WARN_OBJC_ROOT_CLASS = YES_ERROR;
				CLANG_WARN_UNREACHABLE_CODE = YES;
				CLANG_WARN__DUPLICATE_METHOD_MATCH = YES;
				"CODE_SIGN_IDENTITY[sdk=iphoneos*]" = "iPhone Developer";
				COPY_PHASE_STRIP = NO;
				DEBUG_INFORMATION_FORMAT = dwarf;
				ENABLE_STRICT_OBJC_MSGSEND = YES;
				ENABLE_TESTABILITY = YES;
				GCC_C_LANGUAGE_STANDARD = gnu99;
				GCC_DYNAMIC_NO_PIC = NO;
				GCC_NO_COMMON_BLOCKS = YES;
				GCC_OPTIMIZATION_LEVEL = 0;
				GCC_PREPROCESSOR_DEFINITIONS = (
					"DEBUG=1",
					"$(inherited)",
				);
				GCC_WARN_64_TO_32_BIT_CONVERSION = YES;
				GCC_WARN_ABOUT_RETURN_TYPE = YES_ERROR;
				GCC_WARN_UNDECLARED_SELECTOR = YES;
				GCC_WARN_UNINITIALIZED_AUTOS = YES_AGGRESSIVE;
				GCC_WARN_UNUSED_FUNCTION = YES;
				GCC_WARN_UNUSED_VARIABLE = YES;
				IPHONEOS_DEPLOYMENT_TARGET = 9.0;
				MTL_ENABLE_DEBUG_INFO = YES;
				ONLY_ACTIVE_ARCH = YES;
				SDKROOT = iphoneos;
				SWIFT_OPTIMIZATION_LEVEL = "-Onone";
				TARGETED_DEVICE_FAMILY = "1,2";
			};
			name = Debug;
		};
		9FFF46CF1BC922ED001451EE /* Release */ = {
			isa = XCBuildConfiguration;
			buildSettings = {
				ALWAYS_SEARCH_USER_PATHS = NO;
				CLANG_CXX_LANGUAGE_STANDARD = "gnu++0x";
				CLANG_CXX_LIBRARY = "libc++";
				CLANG_ENABLE_MODULES = YES;
				CLANG_ENABLE_OBJC_ARC = YES;
				CLANG_WARN_BOOL_CONVERSION = YES;
				CLANG_WARN_CONSTANT_CONVERSION = YES;
				CLANG_WARN_DIRECT_OBJC_ISA_USAGE = YES_ERROR;
				CLANG_WARN_EMPTY_BODY = YES;
				CLANG_WARN_ENUM_CONVERSION = YES;
				CLANG_WARN_INT_CONVERSION = YES;
				CLANG_WARN_OBJC_ROOT_CLASS = YES_ERROR;
				CLANG_WARN_UNREACHABLE_CODE = YES;
				CLANG_WARN__DUPLICATE_METHOD_MATCH = YES;
				"CODE_SIGN_IDENTITY[sdk=iphoneos*]" = "iPhone Developer";
				COPY_PHASE_STRIP = NO;
				DEBUG_INFORMATION_FORMAT = "dwarf-with-dsym";
				ENABLE_NS_ASSERTIONS = NO;
				ENABLE_STRICT_OBJC_MSGSEND = YES;
				GCC_C_LANGUAGE_STANDARD = gnu99;
				GCC_NO_COMMON_BLOCKS = YES;
				GCC_WARN_64_TO_32_BIT_CONVERSION = YES;
				GCC_WARN_ABOUT_RETURN_TYPE = YES_ERROR;
				GCC_WARN_UNDECLARED_SELECTOR = YES;
				GCC_WARN_UNINITIALIZED_AUTOS = YES_AGGRESSIVE;
				GCC_WARN_UNUSED_FUNCTION = YES;
				GCC_WARN_UNUSED_VARIABLE = YES;
				IPHONEOS_DEPLOYMENT_TARGET = 9.0;
				MTL_ENABLE_DEBUG_INFO = NO;
				SDKROOT = iphoneos;
				TARGETED_DEVICE_FAMILY = "1,2";
				VALIDATE_PRODUCT = YES;
			};
			name = Release;
		};
		9FFF46D11BC922ED001451EE /* Debug */ = {
			isa = XCBuildConfiguration;
			buildSettings = {
				ASSETCATALOG_COMPILER_APPICON_NAME = AppIcon;
				INFOPLIST_FILE = HackingSFViewController/Info.plist;
				LD_RUNPATH_SEARCH_PATHS = "$(inherited) @executable_path/Frameworks";
				PRODUCT_BUNDLE_IDENTIFIER = co.uk.stringcode.HackingSFViewController;
				PRODUCT_NAME = "$(TARGET_NAME)";
			};
			name = Debug;
		};
		9FFF46D21BC922ED001451EE /* Release */ = {
			isa = XCBuildConfiguration;
			buildSettings = {
				ASSETCATALOG_COMPILER_APPICON_NAME = AppIcon;
				INFOPLIST_FILE = HackingSFViewController/Info.plist;
				LD_RUNPATH_SEARCH_PATHS = "$(inherited) @executable_path/Frameworks";
				PRODUCT_BUNDLE_IDENTIFIER = co.uk.stringcode.HackingSFViewController;
				PRODUCT_NAME = "$(TARGET_NAME)";
			};
			name = Release;
		};
/* End XCBuildConfiguration section */

/* Begin XCConfigurationList section */
		9FFF46B91BC922ED001451EE /* Build configuration list for PBXProject "HackingSFViewController" */ = {
			isa = XCConfigurationList;
			buildConfigurations = (
				9FFF46CE1BC922ED001451EE /* Debug */,
				9FFF46CF1BC922ED001451EE /* Release */,
			);
			defaultConfigurationIsVisible = 0;
			defaultConfigurationName = Release;
		};
		9FFF46D01BC922ED001451EE /* Build configuration list for PBXNativeTarget "HackingSFViewController" */ = {
			isa = XCConfigurationList;
			buildConfigurations = (
				9FFF46D11BC922ED001451EE /* Debug */,
				9FFF46D21BC922ED001451EE /* Release */,
			);
			defaultConfigurationIsVisible = 0;
		};
/* End XCConfigurationList section */
	};
	rootObject = 9FFF46B61BC922ED001451EE /* Project object */;
}
